
Microsoft Visual Studio Solution File, Format Version 12.00
Project("{FAE04EC0-301F-11D3-BF4B-00C04F79EFBC}") = "OleksiiHavryk.PersonalWebsite", "OleksiiHavryk.PersonalWebsite\OleksiiHavryk.PersonalWebsite.csproj", "{23BD6C42-6201-4189-8517-7C29914F6D01}"
EndProject
Project("{FAE04EC0-301F-11D3-BF4B-00C04F79EFBC}") = "OleksiiHavryk.PersonalWebsite.Domain", "OleksiiHavryk.PersonalWebsite.Domain\OleksiiHavryk.PersonalWebsite.Domain.csproj", "{997FFA73-632A-4E2C-8CE1-CC5CA43E0A7F}"
EndProject
Project("{FAE04EC0-301F-11D3-BF4B-00C04F79EFBC}") = "OleksiiHavryk.PersonalWebsite.Data", "OleksiiHavryk.PersonalWebsite.Data\OleksiiHavryk.PersonalWebsite.Data.csproj", "{45F26272-0D53-44A0-AC3F-B5931365AFCE}"
EndProject
Project("{FAE04EC0-301F-11D3-BF4B-00C04F79EFBC}") = "OleksiiHavryk.PersonalWebsite.Core", "OleksiiHavryk.PersonalWebsite.Core\OleksiiHavryk.PersonalWebsite.Core.csproj", "{6AEE56EE-693E-47FC-9EDA-8EC459DCCFF2}"
EndProject
Project("{FAE04EC0-301F-11D3-BF4B-00C04F79EFBC}") = "OleksiiHavryk.PersonalWebsite.Tests", "OleksiiHavryk.PersonalWebsite.Tests\OleksiiHavryk.PersonalWebsite.Tests.csproj", "{F7CB383B-3F10-43EC-A8FC-5E024EF119B8}"
EndProject
Global
	GlobalSection(SolutionConfigurationPlatforms) = preSolution
		Debug|Any CPU = Debug|Any CPU
		Release|Any CPU = Release|Any CPU
	EndGlobalSection
	GlobalSection(ProjectConfigurationPlatforms) = postSolution
		{23BD6C42-6201-4189-8517-7C29914F6D01}.Debug|Any CPU.ActiveCfg = Debug|Any CPU
		{23BD6C42-6201-4189-8517-7C29914F6D01}.Debug|Any CPU.Build.0 = Debug|Any CPU
		{23BD6C42-6201-4189-8517-7C29914F6D01}.Release|Any CPU.ActiveCfg = Release|Any CPU
		{23BD6C42-6201-4189-8517-7C29914F6D01}.Release|Any CPU.Build.0 = Release|Any CPU
		{997FFA73-632A-4E2C-8CE1-CC5CA43E0A7F}.Debug|Any CPU.ActiveCfg = Debug|Any CPU
		{997FFA73-632A-4E2C-8CE1-CC5CA43E0A7F}.Debug|Any CPU.Build.0 = Debug|Any CPU
		{997FFA73-632A-4E2C-8CE1-CC5CA43E0A7F}.Release|Any CPU.ActiveCfg = Release|Any CPU
		{997FFA73-632A-4E2C-8CE1-CC5CA43E0A7F}.Release|Any CPU.Build.0 = Release|Any CPU
		{45F26272-0D53-44A0-AC3F-B5931365AFCE}.Debug|Any CPU.ActiveCfg = Debug|Any CPU
		{45F26272-0D53-44A0-AC3F-B5931365AFCE}.Debug|Any CPU.Build.0 = Debug|Any CPU
		{45F26272-0D53-44A0-AC3F-B5931365AFCE}.Release|Any CPU.ActiveCfg = Release|Any CPU
		{45F26272-0D53-44A0-AC3F-B5931365AFCE}.Release|Any CPU.Build.0 = Release|Any CPU
		{6AEE56EE-693E-47FC-9EDA-8EC459DCCFF2}.Debug|Any CPU.ActiveCfg = Debug|Any CPU
		{6AEE56EE-693E-47FC-9EDA-8EC459DCCFF2}.Debug|Any CPU.Build.0 = Debug|Any CPU
		{6AEE56EE-693E-47FC-9EDA-8EC459DCCFF2}.Release|Any CPU.ActiveCfg = Release|Any CPU
		{6AEE56EE-693E-47FC-9EDA-8EC459DCCFF2}.Release|Any CPU.Build.0 = Release|Any CPU
		{F7CB383B-3F10-43EC-A8FC-5E024EF119B8}.Debug|Any CPU.ActiveCfg = Debug|Any CPU
		{F7CB383B-3F10-43EC-A8FC-5E024EF119B8}.Debug|Any CPU.Build.0 = Debug|Any CPU
		{F7CB383B-3F10-43EC-A8FC-5E024EF119B8}.Release|Any CPU.ActiveCfg = Release|Any CPU
		{F7CB383B-3F10-43EC-A8FC-5E024EF119B8}.Release|Any CPU.Build.0 = Release|Any CPU
	EndGlobalSection
EndGlobal
